
Microsoft Visual Studio Solution File, Format Version 12.00
# Visual Studio 2012
Project("{FAE04EC0-301F-11D3-BF4B-00C04F79EFBC}") = "HexCards", "HexCards\HexCards.csproj", "{12617698-D9F3-449C-8983-FA018D6D3F7C}"
EndProject
Project("{FAE04EC0-301F-11D3-BF4B-00C04F79EFBC}") = "Pipeline", "Pipeline\Pipeline\Pipeline.csproj", "{BFD096D8-EE46-4C0F-8503-02EB0EC59069}"
EndProject
Project("{96E2B04D-8817-42C6-938A-82C39BA4D311}") = "PipelineContent", "Pipeline\PipelineContent\PipelineContent.contentproj", "{A6AED153-5C39-4953-96A3-06D1C566CED2}"
EndProject
Project("{FAE04EC0-301F-11D3-BF4B-00C04F79EFBC}") = "HexCards_Android", "HexCards_Android\HexCards_Android.csproj", "{DD842662-B5A4-4317-A15B-646497A29545}"
EndProject
Global
	GlobalSection(SolutionConfigurationPlatforms) = preSolution
		Android|Any CPU = Android|Any CPU
		Android|Mixed Platforms = Android|Mixed Platforms
		Android|x86 = Android|x86
		Debug|Any CPU = Debug|Any CPU
		Debug|Mixed Platforms = Debug|Mixed Platforms
		Debug|x86 = Debug|x86
		iOS|Any CPU = iOS|Any CPU
		iOS|Mixed Platforms = iOS|Mixed Platforms
		iOS|x86 = iOS|x86
		Linux|Any CPU = Linux|Any CPU
		Linux|Mixed Platforms = Linux|Mixed Platforms
		Linux|x86 = Linux|x86
		OSX|Any CPU = OSX|Any CPU
		OSX|Mixed Platforms = OSX|Mixed Platforms
		OSX|x86 = OSX|x86
		PSM|Any CPU = PSM|Any CPU
		PSM|Mixed Platforms = PSM|Mixed Platforms
		PSM|x86 = PSM|x86
		Release|Any CPU = Release|Any CPU
		Release|Mixed Platforms = Release|Mixed Platforms
		Release|x86 = Release|x86
		Windows|Any CPU = Windows|Any CPU
		Windows|Mixed Platforms = Windows|Mixed Platforms
		Windows|x86 = Windows|x86
		Windows8|Any CPU = Windows8|Any CPU
		Windows8|Mixed Platforms = Windows8|Mixed Platforms
		Windows8|x86 = Windows8|x86
	EndGlobalSection
	GlobalSection(ProjectConfigurationPlatforms) = postSolution
		{12617698-D9F3-449C-8983-FA018D6D3F7C}.Android|Any CPU.ActiveCfg = Release|x86
		{12617698-D9F3-449C-8983-FA018D6D3F7C}.Android|Mixed Platforms.ActiveCfg = Release|x86
		{12617698-D9F3-449C-8983-FA018D6D3F7C}.Android|Mixed Platforms.Build.0 = Release|x86
		{12617698-D9F3-449C-8983-FA018D6D3F7C}.Android|x86.ActiveCfg = Release|x86
		{12617698-D9F3-449C-8983-FA018D6D3F7C}.Android|x86.Build.0 = Release|x86
		{12617698-D9F3-449C-8983-FA018D6D3F7C}.Debug|Any CPU.ActiveCfg = Debug|x86
		{12617698-D9F3-449C-8983-FA018D6D3F7C}.Debug|Mixed Platforms.ActiveCfg = Debug|x86
		{12617698-D9F3-449C-8983-FA018D6D3F7C}.Debug|Mixed Platforms.Build.0 = Debug|x86
		{12617698-D9F3-449C-8983-FA018D6D3F7C}.Debug|x86.ActiveCfg = Debug|x86
		{12617698-D9F3-449C-8983-FA018D6D3F7C}.Debug|x86.Build.0 = Debug|x86
		{12617698-D9F3-449C-8983-FA018D6D3F7C}.iOS|Any CPU.ActiveCfg = Release|x86
		{12617698-D9F3-449C-8983-FA018D6D3F7C}.iOS|Mixed Platforms.ActiveCfg = Release|x86
		{12617698-D9F3-449C-8983-FA018D6D3F7C}.iOS|Mixed Platforms.Build.0 = Release|x86
		{12617698-D9F3-449C-8983-FA018D6D3F7C}.iOS|x86.ActiveCfg = Release|x86
		{12617698-D9F3-449C-8983-FA018D6D3F7C}.iOS|x86.Build.0 = Release|x86
		{12617698-D9F3-449C-8983-FA018D6D3F7C}.Linux|Any CPU.ActiveCfg = Release|x86
		{12617698-D9F3-449C-8983-FA018D6D3F7C}.Linux|Mixed Platforms.ActiveCfg = Release|x86
		{12617698-D9F3-449C-8983-FA018D6D3F7C}.Linux|Mixed Platforms.Build.0 = Release|x86
		{12617698-D9F3-449C-8983-FA018D6D3F7C}.Linux|x86.ActiveCfg = Release|x86
		{12617698-D9F3-449C-8983-FA018D6D3F7C}.Linux|x86.Build.0 = Release|x86
		{12617698-D9F3-449C-8983-FA018D6D3F7C}.OSX|Any CPU.ActiveCfg = Release|x86
		{12617698-D9F3-449C-8983-FA018D6D3F7C}.OSX|Mixed Platforms.ActiveCfg = Release|x86
		{12617698-D9F3-449C-8983-FA018D6D3F7C}.OSX|Mixed Platforms.Build.0 = Release|x86
		{12617698-D9F3-449C-8983-FA018D6D3F7C}.OSX|x86.ActiveCfg = Release|x86
		{12617698-D9F3-449C-8983-FA018D6D3F7C}.OSX|x86.Build.0 = Release|x86
		{12617698-D9F3-449C-8983-FA018D6D3F7C}.PSM|Any CPU.ActiveCfg = Release|x86
		{12617698-D9F3-449C-8983-FA018D6D3F7C}.PSM|Mixed Platforms.ActiveCfg = Release|x86
		{12617698-D9F3-449C-8983-FA018D6D3F7C}.PSM|Mixed Platforms.Build.0 = Release|x86
		{12617698-D9F3-449C-8983-FA018D6D3F7C}.PSM|x86.ActiveCfg = Release|x86
		{12617698-D9F3-449C-8983-FA018D6D3F7C}.PSM|x86.Build.0 = Release|x86
		{12617698-D9F3-449C-8983-FA018D6D3F7C}.Release|Any CPU.ActiveCfg = Release|x86
		{12617698-D9F3-449C-8983-FA018D6D3F7C}.Release|Mixed Platforms.ActiveCfg = Release|x86
		{12617698-D9F3-449C-8983-FA018D6D3F7C}.Release|Mixed Platforms.Build.0 = Release|x86
		{12617698-D9F3-449C-8983-FA018D6D3F7C}.Release|x86.ActiveCfg = Release|x86
		{12617698-D9F3-449C-8983-FA018D6D3F7C}.Release|x86.Build.0 = Release|x86
		{12617698-D9F3-449C-8983-FA018D6D3F7C}.Windows|Any CPU.ActiveCfg = Release|x86
		{12617698-D9F3-449C-8983-FA018D6D3F7C}.Windows|Mixed Platforms.ActiveCfg = Release|x86
		{12617698-D9F3-449C-8983-FA018D6D3F7C}.Windows|Mixed Platforms.Build.0 = Release|x86
		{12617698-D9F3-449C-8983-FA018D6D3F7C}.Windows|x86.ActiveCfg = Release|x86
		{12617698-D9F3-449C-8983-FA018D6D3F7C}.Windows|x86.Build.0 = Release|x86
		{12617698-D9F3-449C-8983-FA018D6D3F7C}.Windows8|Any CPU.ActiveCfg = Release|x86
		{12617698-D9F3-449C-8983-FA018D6D3F7C}.Windows8|Mixed Platforms.ActiveCfg = Release|x86
		{12617698-D9F3-449C-8983-FA018D6D3F7C}.Windows8|Mixed Platforms.Build.0 = Release|x86
		{12617698-D9F3-449C-8983-FA018D6D3F7C}.Windows8|x86.ActiveCfg = Release|x86
		{12617698-D9F3-449C-8983-FA018D6D3F7C}.Windows8|x86.Build.0 = Release|x86
		{BFD096D8-EE46-4C0F-8503-02EB0EC59069}.Android|Any CPU.ActiveCfg = Android|Any CPU
		{BFD096D8-EE46-4C0F-8503-02EB0EC59069}.Android|Any CPU.Build.0 = Android|Any CPU
		{BFD096D8-EE46-4C0F-8503-02EB0EC59069}.Android|Mixed Platforms.ActiveCfg = Android|Any CPU
		{BFD096D8-EE46-4C0F-8503-02EB0EC59069}.Android|Mixed Platforms.Build.0 = Android|Any CPU
		{BFD096D8-EE46-4C0F-8503-02EB0EC59069}.Android|x86.ActiveCfg = Android|Any CPU
		{BFD096D8-EE46-4C0F-8503-02EB0EC59069}.Debug|Any CPU.ActiveCfg = PSM|Any CPU
		{BFD096D8-EE46-4C0F-8503-02EB0EC59069}.Debug|Any CPU.Build.0 = PSM|Any CPU
		{BFD096D8-EE46-4C0F-8503-02EB0EC59069}.Debug|Mixed Platforms.ActiveCfg = PSM|Any CPU
		{BFD096D8-EE46-4C0F-8503-02EB0EC59069}.Debug|Mixed Platforms.Build.0 = PSM|Any CPU
		{BFD096D8-EE46-4C0F-8503-02EB0EC59069}.Debug|x86.ActiveCfg = PSM|Any CPU
		{BFD096D8-EE46-4C0F-8503-02EB0EC59069}.iOS|Any CPU.ActiveCfg = iOS|Any CPU
		{BFD096D8-EE46-4C0F-8503-02EB0EC59069}.iOS|Any CPU.Build.0 = iOS|Any CPU
		{BFD096D8-EE46-4C0F-8503-02EB0EC59069}.iOS|Mixed Platforms.ActiveCfg = iOS|Any CPU
		{BFD096D8-EE46-4C0F-8503-02EB0EC59069}.iOS|Mixed Platforms.Build.0 = iOS|Any CPU
		{BFD096D8-EE46-4C0F-8503-02EB0EC59069}.iOS|x86.ActiveCfg = iOS|Any CPU
		{BFD096D8-EE46-4C0F-8503-02EB0EC59069}.Linux|Any CPU.ActiveCfg = Linux|Any CPU
		{BFD096D8-EE46-4C0F-8503-02EB0EC59069}.Linux|Any CPU.Build.0 = Linux|Any CPU
		{BFD096D8-EE46-4C0F-8503-02EB0EC59069}.Linux|Mixed Platforms.ActiveCfg = Linux|Any CPU
		{BFD096D8-EE46-4C0F-8503-02EB0EC59069}.Linux|Mixed Platforms.Build.0 = Linux|Any CPU
		{BFD096D8-EE46-4C0F-8503-02EB0EC59069}.Linux|x86.ActiveCfg = Linux|Any CPU
		{BFD096D8-EE46-4C0F-8503-02EB0EC59069}.OSX|Any CPU.ActiveCfg = OSX|Any CPU
		{BFD096D8-EE46-4C0F-8503-02EB0EC59069}.OSX|Any CPU.Build.0 = OSX|Any CPU
		{BFD096D8-EE46-4C0F-8503-02EB0EC59069}.OSX|Mixed Platforms.ActiveCfg = OSX|Any CPU
		{BFD096D8-EE46-4C0F-8503-02EB0EC59069}.OSX|Mixed Platforms.Build.0 = OSX|Any CPU
		{BFD096D8-EE46-4C0F-8503-02EB0EC59069}.OSX|x86.ActiveCfg = OSX|Any CPU
		{BFD096D8-EE46-4C0F-8503-02EB0EC59069}.PSM|Any CPU.ActiveCfg = PSM|Any CPU
		{BFD096D8-EE46-4C0F-8503-02EB0EC59069}.PSM|Any CPU.Build.0 = PSM|Any CPU
		{BFD096D8-EE46-4C0F-8503-02EB0EC59069}.PSM|Mixed Platforms.ActiveCfg = PSM|Any CPU
		{BFD096D8-EE46-4C0F-8503-02EB0EC59069}.PSM|Mixed Platforms.Build.0 = PSM|Any CPU
		{BFD096D8-EE46-4C0F-8503-02EB0EC59069}.PSM|x86.ActiveCfg = PSM|Any CPU
		{BFD096D8-EE46-4C0F-8503-02EB0EC59069}.Release|Any CPU.ActiveCfg = PSM|Any CPU
		{BFD096D8-EE46-4C0F-8503-02EB0EC59069}.Release|Any CPU.Build.0 = PSM|Any CPU
		{BFD096D8-EE46-4C0F-8503-02EB0EC59069}.Release|Mixed Platforms.ActiveCfg = PSM|Any CPU
		{BFD096D8-EE46-4C0F-8503-02EB0EC59069}.Release|Mixed Platforms.Build.0 = PSM|Any CPU
		{BFD096D8-EE46-4C0F-8503-02EB0EC59069}.Release|x86.ActiveCfg = PSM|Any CPU
		{BFD096D8-EE46-4C0F-8503-02EB0EC59069}.Windows|Any CPU.ActiveCfg = Windows|Any CPU
		{BFD096D8-EE46-4C0F-8503-02EB0EC59069}.Windows|Any CPU.Build.0 = Windows|Any CPU
		{BFD096D8-EE46-4C0F-8503-02EB0EC59069}.Windows|Mixed Platforms.ActiveCfg = Windows|Any CPU
		{BFD096D8-EE46-4C0F-8503-02EB0EC59069}.Windows|Mixed Platforms.Build.0 = Windows|Any CPU
		{BFD096D8-EE46-4C0F-8503-02EB0EC59069}.Windows|x86.ActiveCfg = Windows|Any CPU
		{BFD096D8-EE46-4C0F-8503-02EB0EC59069}.Windows8|Any CPU.ActiveCfg = Windows8|Any CPU
		{BFD096D8-EE46-4C0F-8503-02EB0EC59069}.Windows8|Any CPU.Build.0 = Windows8|Any CPU
		{BFD096D8-EE46-4C0F-8503-02EB0EC59069}.Windows8|Mixed Platforms.ActiveCfg = Windows8|Any CPU
		{BFD096D8-EE46-4C0F-8503-02EB0EC59069}.Windows8|Mixed Platforms.Build.0 = Windows8|Any CPU
		{BFD096D8-EE46-4C0F-8503-02EB0EC59069}.Windows8|x86.ActiveCfg = Windows8|Any CPU
		{A6AED153-5C39-4953-96A3-06D1C566CED2}.Android|Any CPU.ActiveCfg = Android|Any CPU
		{A6AED153-5C39-4953-96A3-06D1C566CED2}.Android|Mixed Platforms.ActiveCfg = Android|Any CPU
		{A6AED153-5C39-4953-96A3-06D1C566CED2}.Android|x86.ActiveCfg = Android|Any CPU
		{A6AED153-5C39-4953-96A3-06D1C566CED2}.Debug|Any CPU.ActiveCfg = PSM|Any CPU
		{A6AED153-5C39-4953-96A3-06D1C566CED2}.Debug|Mixed Platforms.ActiveCfg = PSM|Any CPU
		{A6AED153-5C39-4953-96A3-06D1C566CED2}.Debug|x86.ActiveCfg = PSM|Any CPU
		{A6AED153-5C39-4953-96A3-06D1C566CED2}.iOS|Any CPU.ActiveCfg = iOS|Any CPU
		{A6AED153-5C39-4953-96A3-06D1C566CED2}.iOS|Mixed Platforms.ActiveCfg = iOS|Any CPU
		{A6AED153-5C39-4953-96A3-06D1C566CED2}.iOS|x86.ActiveCfg = iOS|Any CPU
		{A6AED153-5C39-4953-96A3-06D1C566CED2}.Linux|Any CPU.ActiveCfg = Linux|Any CPU
		{A6AED153-5C39-4953-96A3-06D1C566CED2}.Linux|Mixed Platforms.ActiveCfg = Linux|Any CPU
		{A6AED153-5C39-4953-96A3-06D1C566CED2}.Linux|x86.ActiveCfg = Linux|Any CPU
		{A6AED153-5C39-4953-96A3-06D1C566CED2}.OSX|Any CPU.ActiveCfg = OSX|Any CPU
		{A6AED153-5C39-4953-96A3-06D1C566CED2}.OSX|Mixed Platforms.ActiveCfg = OSX|Any CPU
		{A6AED153-5C39-4953-96A3-06D1C566CED2}.OSX|x86.ActiveCfg = OSX|Any CPU
		{A6AED153-5C39-4953-96A3-06D1C566CED2}.PSM|Any CPU.ActiveCfg = PSM|Any CPU
		{A6AED153-5C39-4953-96A3-06D1C566CED2}.PSM|Mixed Platforms.ActiveCfg = PSM|Any CPU
		{A6AED153-5C39-4953-96A3-06D1C566CED2}.PSM|x86.ActiveCfg = PSM|Any CPU
		{A6AED153-5C39-4953-96A3-06D1C566CED2}.Release|Any CPU.ActiveCfg = PSM|Any CPU
		{A6AED153-5C39-4953-96A3-06D1C566CED2}.Release|Mixed Platforms.ActiveCfg = PSM|Any CPU
		{A6AED153-5C39-4953-96A3-06D1C566CED2}.Release|x86.ActiveCfg = PSM|Any CPU
		{A6AED153-5C39-4953-96A3-06D1C566CED2}.Windows|Any CPU.ActiveCfg = Windows|Any CPU
		{A6AED153-5C39-4953-96A3-06D1C566CED2}.Windows|Mixed Platforms.ActiveCfg = Windows|Any CPU
		{A6AED153-5C39-4953-96A3-06D1C566CED2}.Windows|x86.ActiveCfg = Windows|Any CPU
		{A6AED153-5C39-4953-96A3-06D1C566CED2}.Windows8|Any CPU.ActiveCfg = Windows8|Any CPU
		{A6AED153-5C39-4953-96A3-06D1C566CED2}.Windows8|Mixed Platforms.ActiveCfg = Windows8|Any CPU
		{A6AED153-5C39-4953-96A3-06D1C566CED2}.Windows8|x86.ActiveCfg = Windows8|Any CPU
		{DD842662-B5A4-4317-A15B-646497A29545}.Android|Any CPU.ActiveCfg = Release|Any CPU
		{DD842662-B5A4-4317-A15B-646497A29545}.Android|Any CPU.Build.0 = Release|Any CPU
		{DD842662-B5A4-4317-A15B-646497A29545}.Android|Any CPU.Deploy.0 = Release|Any CPU
		{DD842662-B5A4-4317-A15B-646497A29545}.Android|Mixed Platforms.ActiveCfg = Release|Any CPU
		{DD842662-B5A4-4317-A15B-646497A29545}.Android|Mixed Platforms.Build.0 = Release|Any CPU
		{DD842662-B5A4-4317-A15B-646497A29545}.Android|Mixed Platforms.Deploy.0 = Release|Any CPU
		{DD842662-B5A4-4317-A15B-646497A29545}.Android|x86.ActiveCfg = Release|Any CPU
		{DD842662-B5A4-4317-A15B-646497A29545}.Debug|Any CPU.ActiveCfg = Debug|Any CPU
		{DD842662-B5A4-4317-A15B-646497A29545}.Debug|Any CPU.Build.0 = Debug|Any CPU
		{DD842662-B5A4-4317-A15B-646497A29545}.Debug|Any CPU.Deploy.0 = Debug|Any CPU
		{DD842662-B5A4-4317-A15B-646497A29545}.Debug|Mixed Platforms.ActiveCfg = Debug|Any CPU
		{DD842662-B5A4-4317-A15B-646497A29545}.Debug|Mixed Platforms.Build.0 = Debug|Any CPU
		{DD842662-B5A4-4317-A15B-646497A29545}.Debug|Mixed Platforms.Deploy.0 = Debug|Any CPU
		{DD842662-B5A4-4317-A15B-646497A29545}.Debug|x86.ActiveCfg = Debug|Any CPU
		{DD842662-B5A4-4317-A15B-646497A29545}.iOS|Any CPU.ActiveCfg = Release|Any CPU
		{DD842662-B5A4-4317-A15B-646497A29545}.iOS|Any CPU.Build.0 = Release|Any CPU
		{DD842662-B5A4-4317-A15B-646497A29545}.iOS|Any CPU.Deploy.0 = Release|Any CPU
		{DD842662-B5A4-4317-A15B-646497A29545}.iOS|Mixed Platforms.ActiveCfg = Release|Any CPU
		{DD842662-B5A4-4317-A15B-646497A29545}.iOS|Mixed Platforms.Build.0 = Release|Any CPU
		{DD842662-B5A4-4317-A15B-646497A29545}.iOS|Mixed Platforms.Deploy.0 = Release|Any CPU
		{DD842662-B5A4-4317-A15B-646497A29545}.iOS|x86.ActiveCfg = Release|Any CPU
		{DD842662-B5A4-4317-A15B-646497A29545}.Linux|Any CPU.ActiveCfg = Release|Any CPU
		{DD842662-B5A4-4317-A15B-646497A29545}.Linux|Any CPU.Build.0 = Release|Any CPU
		{DD842662-B5A4-4317-A15B-646497A29545}.Linux|Any CPU.Deploy.0 = Release|Any CPU
		{DD842662-B5A4-4317-A15B-646497A29545}.Linux|Mixed Platforms.ActiveCfg = Release|Any CPU
		{DD842662-B5A4-4317-A15B-646497A29545}.Linux|Mixed Platforms.Build.0 = Release|Any CPU
		{DD842662-B5A4-4317-A15B-646497A29545}.Linux|Mixed Platforms.Deploy.0 = Release|Any CPU
		{DD842662-B5A4-4317-A15B-646497A29545}.Linux|x86.ActiveCfg = Release|Any CPU
		{DD842662-B5A4-4317-A15B-646497A29545}.OSX|Any CPU.ActiveCfg = Release|Any CPU
		{DD842662-B5A4-4317-A15B-646497A29545}.OSX|Any CPU.Build.0 = Release|Any CPU
		{DD842662-B5A4-4317-A15B-646497A29545}.OSX|Any CPU.Deploy.0 = Release|Any CPU
		{DD842662-B5A4-4317-A15B-646497A29545}.OSX|Mixed Platforms.ActiveCfg = Release|Any CPU
		{DD842662-B5A4-4317-A15B-646497A29545}.OSX|Mixed Platforms.Build.0 = Release|Any CPU
		{DD842662-B5A4-4317-A15B-646497A29545}.OSX|Mixed Platforms.Deploy.0 = Release|Any CPU
		{DD842662-B5A4-4317-A15B-646497A29545}.OSX|x86.ActiveCfg = Release|Any CPU
		{DD842662-B5A4-4317-A15B-646497A29545}.PSM|Any CPU.ActiveCfg = Release|Any CPU
		{DD842662-B5A4-4317-A15B-646497A29545}.PSM|Any CPU.Build.0 = Release|Any CPU
		{DD842662-B5A4-4317-A15B-646497A29545}.PSM|Any CPU.Deploy.0 = Release|Any CPU
		{DD842662-B5A4-4317-A15B-646497A29545}.PSM|Mixed Platforms.ActiveCfg = Release|Any CPU
		{DD842662-B5A4-4317-A15B-646497A29545}.PSM|Mixed Platforms.Build.0 = Release|Any CPU
		{DD842662-B5A4-4317-A15B-646497A29545}.PSM|Mixed Platforms.Deploy.0 = Release|Any CPU
		{DD842662-B5A4-4317-A15B-646497A29545}.PSM|x86.ActiveCfg = Release|Any CPU
		{DD842662-B5A4-4317-A15B-646497A29545}.Release|Any CPU.ActiveCfg = Release|Any CPU
		{DD842662-B5A4-4317-A15B-646497A29545}.Release|Any CPU.Build.0 = Release|Any CPU
		{DD842662-B5A4-4317-A15B-646497A29545}.Release|Any CPU.Deploy.0 = Release|Any CPU
		{DD842662-B5A4-4317-A15B-646497A29545}.Release|Mixed Platforms.ActiveCfg = Release|Any CPU
		{DD842662-B5A4-4317-A15B-646497A29545}.Release|Mixed Platforms.Build.0 = Release|Any CPU
		{DD842662-B5A4-4317-A15B-646497A29545}.Release|Mixed Platforms.Deploy.0 = Release|Any CPU
		{DD842662-B5A4-4317-A15B-646497A29545}.Release|x86.ActiveCfg = Release|Any CPU
		{DD842662-B5A4-4317-A15B-646497A29545}.Windows|Any CPU.ActiveCfg = Release|Any CPU
		{DD842662-B5A4-4317-A15B-646497A29545}.Windows|Any CPU.Build.0 = Release|Any CPU
		{DD842662-B5A4-4317-A15B-646497A29545}.Windows|Any CPU.Deploy.0 = Release|Any CPU
		{DD842662-B5A4-4317-A15B-646497A29545}.Windows|Mixed Platforms.ActiveCfg = Release|Any CPU
		{DD842662-B5A4-4317-A15B-646497A29545}.Windows|Mixed Platforms.Build.0 = Release|Any CPU
		{DD842662-B5A4-4317-A15B-646497A29545}.Windows|Mixed Platforms.Deploy.0 = Release|Any CPU
		{DD842662-B5A4-4317-A15B-646497A29545}.Windows|x86.ActiveCfg = Release|Any CPU
		{DD842662-B5A4-4317-A15B-646497A29545}.Windows8|Any CPU.ActiveCfg = Release|Any CPU
		{DD842662-B5A4-4317-A15B-646497A29545}.Windows8|Any CPU.Build.0 = Release|Any CPU
		{DD842662-B5A4-4317-A15B-646497A29545}.Windows8|Any CPU.Deploy.0 = Release|Any CPU
		{DD842662-B5A4-4317-A15B-646497A29545}.Windows8|Mixed Platforms.ActiveCfg = Release|Any CPU
		{DD842662-B5A4-4317-A15B-646497A29545}.Windows8|Mixed Platforms.Build.0 = Release|Any CPU
		{DD842662-B5A4-4317-A15B-646497A29545}.Windows8|Mixed Platforms.Deploy.0 = Release|Any CPU
		{DD842662-B5A4-4317-A15B-646497A29545}.Windows8|x86.ActiveCfg = Release|Any CPU
	EndGlobalSection
	GlobalSection(SolutionProperties) = preSolution
		HideSolutionNode = FALSE
	EndGlobalSection
EndGlobal
